
Microsoft Visual Studio Solution File, Format Version 12.00
# Visual Studio Version 17
VisualStudioVersion = 17.11.35312.102
MinimumVisualStudioVersion = 10.0.40219.1
Project("{FAE04EC0-301F-11D3-BF4B-00C04F79EFBC}") = "Gestion_paie", "Gestion_paie\Gestion_paie.csproj", "{718A1A53-6716-4C5C-8A28-FA3D2A0C4DB1}"
EndProject
Global
	GlobalSection(SolutionConfigurationPlatforms) = preSolution
		Debug|Any CPU = Debug|Any CPU
		Release|Any CPU = Release|Any CPU
	EndGlobalSection
	GlobalSection(ProjectConfigurationPlatforms) = postSolution
		{718A1A53-6716-4C5C-8A28-FA3D2A0C4DB1}.Debug|Any CPU.ActiveCfg = Debug|Any CPU
		{718A1A53-6716-4C5C-8A28-FA3D2A0C4DB1}.Debug|Any CPU.Build.0 = Debug|Any CPU
		{718A1A53-6716-4C5C-8A28-FA3D2A0C4DB1}.Release|Any CPU.ActiveCfg = Release|Any CPU
		{718A1A53-6716-4C5C-8A28-FA3D2A0C4DB1}.Release|Any CPU.Build.0 = Release|Any CPU
	EndGlobalSection
	GlobalSection(SolutionProperties) = preSolution
		HideSolutionNode = FALSE
	EndGlobalSection
	GlobalSection(ExtensibilityGlobals) = postSolution
		SolutionGuid = {B997D82D-71BF-473D-9094-DC49A653A78E}
	EndGlobalSection
EndGlobal
